// !$*UTF8*$!
{
	archiveVersion = 1;
	classes = {
	};
	objectVersion = 50;
	objects = {

/* Begin PBXBuildFile section */
		020825EA2122C7AA007578C7 /* GoalNotesTableViewController.swift in Sources */ = {isa = PBXBuildFile; fileRef = 020825E92122C7AA007578C7 /* GoalNotesTableViewController.swift */; };
		020825EC2122CC53007578C7 /* GoalNotesTablePresenter.swift in Sources */ = {isa = PBXBuildFile; fileRef = 020825EB2122CC53007578C7 /* GoalNotesTablePresenter.swift */; };
		020825EE2122E0BE007578C7 /* PieCharts.framework in Frameworks */ = {isa = PBXBuildFile; fileRef = 020825ED2122E0BD007578C7 /* PieCharts.framework */; };
		020825F02122E2D8007578C7 /* HomeViewController.swift in Sources */ = {isa = PBXBuildFile; fileRef = 020825EF2122E2D8007578C7 /* HomeViewController.swift */; };
		020825F22122E310007578C7 /* HomePresenter.swift in Sources */ = {isa = PBXBuildFile; fileRef = 020825F12122E310007578C7 /* HomePresenter.swift */; };
		020825F621246F24007578C7 /* TagList.swift in Sources */ = {isa = PBXBuildFile; fileRef = 020825F521246F24007578C7 /* TagList.swift */; };
		021309E9210A13F700410451 /* DataModel.xcdatamodeld in Sources */ = {isa = PBXBuildFile; fileRef = 021309E7210A13F700410451 /* DataModel.xcdatamodeld */; };
		021309EB210A162500410451 /* Goal.swift in Sources */ = {isa = PBXBuildFile; fileRef = 021309EA210A162500410451 /* Goal.swift */; };
		021309EE210A176200410451 /* App.swift in Sources */ = {isa = PBXBuildFile; fileRef = 021309ED210A176200410451 /* App.swift */; };
		021309F0210A1D2E00410451 /* Director.swift in Sources */ = {isa = PBXBuildFile; fileRef = 021309EF210A1D2E00410451 /* Director.swift */; };
		021309F4210A2F0300410451 /* GoalsTablePresenter.swift in Sources */ = {isa = PBXBuildFile; fileRef = 021309F3210A2F0300410451 /* GoalsTablePresenter.swift */; };
		021309F6210A300B00410451 /* GoalsTableViewController.swift in Sources */ = {isa = PBXBuildFile; fileRef = 021309F5210A300B00410451 /* GoalsTableViewController.swift */; };
		021309FD210B632400410451 /* DebugGoals.yaml in Resources */ = {isa = PBXBuildFile; fileRef = 021309FA210B5E7200410451 /* DebugGoals.yaml */; };
		021309FF210B686700410451 /* Yams.framework in Frameworks */ = {isa = PBXBuildFile; fileRef = 021309FE210B686600410451 /* Yams.framework */; };
		02130A01210B6B7C00410451 /* DatabaseInit.swift in Sources */ = {isa = PBXBuildFile; fileRef = 02130A00210B6B7C00410451 /* DatabaseInit.swift */; };
		02130A03210CD37600410451 /* DefaultIcons.yaml in Resources */ = {isa = PBXBuildFile; fileRef = 02130A02210CD37600410451 /* DefaultIcons.yaml */; };
		02130A05210CD65F00410451 /* Icon.swift in Sources */ = {isa = PBXBuildFile; fileRef = 02130A04210CD65F00410451 /* Icon.swift */; };
		02130A09210E100D00410451 /* IconsTablePresenter.swift in Sources */ = {isa = PBXBuildFile; fileRef = 02130A08210E100D00410451 /* IconsTablePresenter.swift */; };
		02130A0B210E113600410451 /* IconsTableViewController.swift in Sources */ = {isa = PBXBuildFile; fileRef = 02130A0A210E113600410451 /* IconsTableViewController.swift */; };
		02130A0D210F773A00410451 /* GoalEditViewController.swift in Sources */ = {isa = PBXBuildFile; fileRef = 02130A0C210F773A00410451 /* GoalEditViewController.swift */; };
		02130A0F210F777400410451 /* GoalEditPresenter.swift in Sources */ = {isa = PBXBuildFile; fileRef = 02130A0E210F777400410451 /* GoalEditPresenter.swift */; };
		0252C9752144289B00DC6D64 /* DebugViewController.swift in Sources */ = {isa = PBXBuildFile; fileRef = 0252C9742144289B00DC6D64 /* DebugViewController.swift */; };
		0252C977214428CD00DC6D64 /* DebugPresenter.swift in Sources */ = {isa = PBXBuildFile; fileRef = 0252C976214428CD00DC6D64 /* DebugPresenter.swift */; };
		0253339F2112FE3D00AF8E7B /* TMLPresentation.framework in Frameworks */ = {isa = PBXBuildFile; fileRef = 0253339A2112FB9A00AF8E7B /* TMLPresentation.framework */; };
		025333A02112FE3D00AF8E7B /* TMLPresentation.framework in Embed Frameworks */ = {isa = PBXBuildFile; fileRef = 0253339A2112FB9A00AF8E7B /* TMLPresentation.framework */; settings = {ATTRIBUTES = (CodeSignOnCopy, RemoveHeadersOnCopy, ); }; };
		027F63752105FF93001C9738 /* AppDelegate.swift in Sources */ = {isa = PBXBuildFile; fileRef = 027F63742105FF93001C9738 /* AppDelegate.swift */; };
		027F637A2105FF94001C9738 /* Main.storyboard in Resources */ = {isa = PBXBuildFile; fileRef = 027F63782105FF94001C9738 /* Main.storyboard */; };
		027F637C2105FF95001C9738 /* Assets.xcassets in Resources */ = {isa = PBXBuildFile; fileRef = 027F637B2105FF95001C9738 /* Assets.xcassets */; };
		027F637F2105FF95001C9738 /* LaunchScreen.storyboard in Resources */ = {isa = PBXBuildFile; fileRef = 027F637D2105FF95001C9738 /* LaunchScreen.storyboard */; };
		027F638A2105FF96001C9738 /* FFDoneTests.swift in Sources */ = {isa = PBXBuildFile; fileRef = 027F63892105FF96001C9738 /* FFDoneTests.swift */; };
		027F63952105FF96001C9738 /* FFDoneUITests.swift in Sources */ = {isa = PBXBuildFile; fileRef = 027F63942105FF96001C9738 /* FFDoneUITests.swift */; };
		027F63A321065271001C9738 /* TMLPersistentContainer.framework in Frameworks */ = {isa = PBXBuildFile; fileRef = 027F63A221065271001C9738 /* TMLPersistentContainer.framework */; };
		027F63A421065271001C9738 /* TMLPersistentContainer.framework in Frameworks */ = {isa = PBXBuildFile; fileRef = 027F63A221065271001C9738 /* TMLPersistentContainer.framework */; };
		027F63A521065271001C9738 /* TMLPersistentContainer.framework in Frameworks */ = {isa = PBXBuildFile; fileRef = 027F63A221065271001C9738 /* TMLPersistentContainer.framework */; };
		02867EA32119ED7D004D3122 /* Note.swift in Sources */ = {isa = PBXBuildFile; fileRef = 02867EA22119ED7D004D3122 /* Note.swift */; };
		02867EA52119FC17004D3122 /* DebugNotes.yaml in Resources */ = {isa = PBXBuildFile; fileRef = 02867EA42119FC17004D3122 /* DebugNotes.yaml */; };
		02867EA7211AD3EF004D3122 /* NotesTablePresenter.swift in Sources */ = {isa = PBXBuildFile; fileRef = 02867EA6211AD3EF004D3122 /* NotesTablePresenter.swift */; };
		02867EA9211AD48C004D3122 /* NotesTableViewController.swift in Sources */ = {isa = PBXBuildFile; fileRef = 02867EA8211AD48C004D3122 /* NotesTableViewController.swift */; };
		02867EAE211C996F004D3122 /* NoteEditViewController.swift in Sources */ = {isa = PBXBuildFile; fileRef = 02867EAD211C996F004D3122 /* NoteEditViewController.swift */; };
		02867EB0211C99A9004D3122 /* NoteEditPresenter.swift in Sources */ = {isa = PBXBuildFile; fileRef = 02867EAF211C99A9004D3122 /* NoteEditPresenter.swift */; };
		02867EB3211D9474004D3122 /* DatePickerDialog.framework in Frameworks */ = {isa = PBXBuildFile; fileRef = 02867EB2211D9474004D3122 /* DatePickerDialog.framework */; };
		02867EB5211F37B7004D3122 /* IconEditViewController.swift in Sources */ = {isa = PBXBuildFile; fileRef = 02867EB4211F37B7004D3122 /* IconEditViewController.swift */; };
		02867EB7211F37E0004D3122 /* IconEditPresenter.swift in Sources */ = {isa = PBXBuildFile; fileRef = 02867EB6211F37E0004D3122 /* IconEditPresenter.swift */; };
		02867EBB211F6323004D3122 /* IconSource.swift in Sources */ = {isa = PBXBuildFile; fileRef = 02867EBA211F6323004D3122 /* IconSource.swift */; };
		02867EBD211F6398004D3122 /* DefaultIconSources.yaml in Resources */ = {isa = PBXBuildFile; fileRef = 02867EBC211F6397004D3122 /* DefaultIconSources.yaml */; };
		02867EBF21209D18004D3122 /* GoalViewPresenter.swift in Sources */ = {isa = PBXBuildFile; fileRef = 02867EBE21209D18004D3122 /* GoalViewPresenter.swift */; };
		02867EC121209EAF004D3122 /* GoalViewController.swift in Sources */ = {isa = PBXBuildFile; fileRef = 02867EC021209EAF004D3122 /* GoalViewController.swift */; };
		02990A6621270F4C00BF1CEC /* TagCloudView.swift in Sources */ = {isa = PBXBuildFile; fileRef = 02990A6521270F4C00BF1CEC /* TagCloudView.swift */; };
		02990A68212C682300BF1CEC /* Alarm.swift in Sources */ = {isa = PBXBuildFile; fileRef = 02990A67212C682300BF1CEC /* Alarm.swift */; };
		02990A6A212C737200BF1CEC /* AlarmsTablePresenter.swift in Sources */ = {isa = PBXBuildFile; fileRef = 02990A69212C737200BF1CEC /* AlarmsTablePresenter.swift */; };
		02990A6C212C76F100BF1CEC /* AlarmsTableViewController.swift in Sources */ = {isa = PBXBuildFile; fileRef = 02990A6B212C76F100BF1CEC /* AlarmsTableViewController.swift */; };
		02990A6F212C7F2B00BF1CEC /* DebugAlarms.yaml in Resources */ = {isa = PBXBuildFile; fileRef = 02990A6D212C7C8B00BF1CEC /* DebugAlarms.yaml */; };
		02990A71212DB74B00BF1CEC /* AlarmScheduler.swift in Sources */ = {isa = PBXBuildFile; fileRef = 02990A70212DB74B00BF1CEC /* AlarmScheduler.swift */; };
		02990A7321303A8000BF1CEC /* AlarmEditPresenter.swift in Sources */ = {isa = PBXBuildFile; fileRef = 02990A7221303A7F00BF1CEC /* AlarmEditPresenter.swift */; };
		02990A7521303BEA00BF1CEC /* AlarmEditViewController.swift in Sources */ = {isa = PBXBuildFile; fileRef = 02990A7421303BEA00BF1CEC /* AlarmEditViewController.swift */; };
		02C61D9F2125EAD500073B7D /* DBSphereTagCloud_Framework.framework in Frameworks */ = {isa = PBXBuildFile; fileRef = 02C61D9E2125EAD400073B7D /* DBSphereTagCloud_Framework.framework */; };
/* End PBXBuildFile section */

/* Begin PBXContainerItemProxy section */
		027F63862105FF96001C9738 /* PBXContainerItemProxy */ = {
			isa = PBXContainerItemProxy;
			containerPortal = 027F63692105FF93001C9738 /* Project object */;
			proxyType = 1;
			remoteGlobalIDString = 027F63702105FF93001C9738;
			remoteInfo = FFDone;
		};
		027F63912105FF96001C9738 /* PBXContainerItemProxy */ = {
			isa = PBXContainerItemProxy;
			containerPortal = 027F63692105FF93001C9738 /* Project object */;
			proxyType = 1;
			remoteGlobalIDString = 027F63702105FF93001C9738;
			remoteInfo = FFDone;
		};
/* End PBXContainerItemProxy section */

/* Begin PBXCopyFilesBuildPhase section */
		025333A12112FE3D00AF8E7B /* Embed Frameworks */ = {
			isa = PBXCopyFilesBuildPhase;
			buildActionMask = 2147483647;
			dstPath = "";
			dstSubfolderSpec = 10;
			files = (
				025333A02112FE3D00AF8E7B /* TMLPresentation.framework in Embed Frameworks */,
			);
			name = "Embed Frameworks";
			runOnlyForDeploymentPostprocessing = 0;
		};
/* End PBXCopyFilesBuildPhase section */

/* Begin PBXFileReference section */
		020825E92122C7AA007578C7 /* GoalNotesTableViewController.swift */ = {isa = PBXFileReference; lastKnownFileType = sourcecode.swift; path = GoalNotesTableViewController.swift; sourceTree = "<group>"; };
		020825EB2122CC53007578C7 /* GoalNotesTablePresenter.swift */ = {isa = PBXFileReference; lastKnownFileType = sourcecode.swift; path = GoalNotesTablePresenter.swift; sourceTree = "<group>"; };
		020825ED2122E0BD007578C7 /* PieCharts.framework */ = {isa = PBXFileReference; lastKnownFileType = wrapper.framework; name = PieCharts.framework; path = Carthage/Build/iOS/PieCharts.framework; sourceTree = "<group>"; };
		020825EF2122E2D8007578C7 /* HomeViewController.swift */ = {isa = PBXFileReference; lastKnownFileType = sourcecode.swift; path = HomeViewController.swift; sourceTree = "<group>"; };
		020825F12122E310007578C7 /* HomePresenter.swift */ = {isa = PBXFileReference; lastKnownFileType = sourcecode.swift; path = HomePresenter.swift; sourceTree = "<group>"; };
		020825F521246F24007578C7 /* TagList.swift */ = {isa = PBXFileReference; lastKnownFileType = sourcecode.swift; path = TagList.swift; sourceTree = "<group>"; };
		021309E8210A13F700410451 /* DataModel.xcdatamodel */ = {isa = PBXFileReference; lastKnownFileType = wrapper.xcdatamodel; path = DataModel.xcdatamodel; sourceTree = "<group>"; };
		021309EA210A162500410451 /* Goal.swift */ = {isa = PBXFileReference; lastKnownFileType = sourcecode.swift; path = Goal.swift; sourceTree = "<group>"; };
		021309ED210A176200410451 /* App.swift */ = {isa = PBXFileReference; lastKnownFileType = sourcecode.swift; path = App.swift; sourceTree = "<group>"; };
		021309EF210A1D2E00410451 /* Director.swift */ = {isa = PBXFileReference; lastKnownFileType = sourcecode.swift; path = Director.swift; sourceTree = "<group>"; };
		021309F3210A2F0300410451 /* GoalsTablePresenter.swift */ = {isa = PBXFileReference; lastKnownFileType = sourcecode.swift; path = GoalsTablePresenter.swift; sourceTree = "<group>"; };
		021309F5210A300B00410451 /* GoalsTableViewController.swift */ = {isa = PBXFileReference; lastKnownFileType = sourcecode.swift; path = GoalsTableViewController.swift; sourceTree = "<group>"; };
		021309FA210B5E7200410451 /* DebugGoals.yaml */ = {isa = PBXFileReference; lastKnownFileType = text; path = DebugGoals.yaml; sourceTree = "<group>"; };
		021309FE210B686600410451 /* Yams.framework */ = {isa = PBXFileReference; lastKnownFileType = wrapper.framework; name = Yams.framework; path = Carthage/Build/iOS/Yams.framework; sourceTree = "<group>"; };
		02130A00210B6B7C00410451 /* DatabaseInit.swift */ = {isa = PBXFileReference; lastKnownFileType = sourcecode.swift; path = DatabaseInit.swift; sourceTree = "<group>"; };
		02130A02210CD37600410451 /* DefaultIcons.yaml */ = {isa = PBXFileReference; lastKnownFileType = text; path = DefaultIcons.yaml; sourceTree = "<group>"; };
		02130A04210CD65F00410451 /* Icon.swift */ = {isa = PBXFileReference; lastKnownFileType = sourcecode.swift; path = Icon.swift; sourceTree = "<group>"; };
		02130A08210E100D00410451 /* IconsTablePresenter.swift */ = {isa = PBXFileReference; lastKnownFileType = sourcecode.swift; path = IconsTablePresenter.swift; sourceTree = "<group>"; };
		02130A0A210E113600410451 /* IconsTableViewController.swift */ = {isa = PBXFileReference; lastKnownFileType = sourcecode.swift; path = IconsTableViewController.swift; sourceTree = "<group>"; };
		02130A0C210F773A00410451 /* GoalEditViewController.swift */ = {isa = PBXFileReference; lastKnownFileType = sourcecode.swift; path = GoalEditViewController.swift; sourceTree = "<group>"; };
		02130A0E210F777400410451 /* GoalEditPresenter.swift */ = {isa = PBXFileReference; lastKnownFileType = sourcecode.swift; path = GoalEditPresenter.swift; sourceTree = "<group>"; };
		0252C9742144289B00DC6D64 /* DebugViewController.swift */ = {isa = PBXFileReference; lastKnownFileType = sourcecode.swift; path = DebugViewController.swift; sourceTree = "<group>"; };
		0252C976214428CD00DC6D64 /* DebugPresenter.swift */ = {isa = PBXFileReference; lastKnownFileType = sourcecode.swift; path = DebugPresenter.swift; sourceTree = "<group>"; };
		0253339A2112FB9A00AF8E7B /* TMLPresentation.framework */ = {isa = PBXFileReference; explicitFileType = wrapper.framework; path = TMLPresentation.framework; sourceTree = BUILT_PRODUCTS_DIR; };
		027F63712105FF93001C9738 /* FFDone.app */ = {isa = PBXFileReference; explicitFileType = wrapper.application; includeInIndex = 0; path = FFDone.app; sourceTree = BUILT_PRODUCTS_DIR; };
		027F63742105FF93001C9738 /* AppDelegate.swift */ = {isa = PBXFileReference; lastKnownFileType = sourcecode.swift; path = AppDelegate.swift; sourceTree = "<group>"; };
		027F63792105FF94001C9738 /* Base */ = {isa = PBXFileReference; lastKnownFileType = file.storyboard; name = Base; path = Base.lproj/Main.storyboard; sourceTree = "<group>"; };
		027F637B2105FF95001C9738 /* Assets.xcassets */ = {isa = PBXFileReference; lastKnownFileType = folder.assetcatalog; path = Assets.xcassets; sourceTree = "<group>"; };
		027F637E2105FF95001C9738 /* Base */ = {isa = PBXFileReference; lastKnownFileType = file.storyboard; name = Base; path = Base.lproj/LaunchScreen.storyboard; sourceTree = "<group>"; };
		027F63802105FF95001C9738 /* Info.plist */ = {isa = PBXFileReference; lastKnownFileType = text.plist.xml; path = Info.plist; sourceTree = "<group>"; };
		027F63852105FF96001C9738 /* FFDoneTests.xctest */ = {isa = PBXFileReference; explicitFileType = wrapper.cfbundle; includeInIndex = 0; path = FFDoneTests.xctest; sourceTree = BUILT_PRODUCTS_DIR; };
		027F63892105FF96001C9738 /* FFDoneTests.swift */ = {isa = PBXFileReference; lastKnownFileType = sourcecode.swift; path = FFDoneTests.swift; sourceTree = "<group>"; };
		027F638B2105FF96001C9738 /* Info.plist */ = {isa = PBXFileReference; lastKnownFileType = text.plist.xml; path = Info.plist; sourceTree = "<group>"; };
		027F63902105FF96001C9738 /* FFDoneUITests.xctest */ = {isa = PBXFileReference; explicitFileType = wrapper.cfbundle; includeInIndex = 0; path = FFDoneUITests.xctest; sourceTree = BUILT_PRODUCTS_DIR; };
		027F63942105FF96001C9738 /* FFDoneUITests.swift */ = {isa = PBXFileReference; lastKnownFileType = sourcecode.swift; path = FFDoneUITests.swift; sourceTree = "<group>"; };
		027F63962105FF96001C9738 /* Info.plist */ = {isa = PBXFileReference; lastKnownFileType = text.plist.xml; path = Info.plist; sourceTree = "<group>"; };
		027F63A221065271001C9738 /* TMLPersistentContainer.framework */ = {isa = PBXFileReference; lastKnownFileType = wrapper.framework; name = TMLPersistentContainer.framework; path = Carthage/Build/iOS/TMLPersistentContainer.framework; sourceTree = "<group>"; };
		02867EA22119ED7D004D3122 /* Note.swift */ = {isa = PBXFileReference; lastKnownFileType = sourcecode.swift; path = Note.swift; sourceTree = "<group>"; };
		02867EA42119FC17004D3122 /* DebugNotes.yaml */ = {isa = PBXFileReference; fileEncoding = 4; lastKnownFileType = text; name = DebugNotes.yaml; path = ../../../FFDoneResources/Resources/DebugNotes.yaml; sourceTree = "<group>"; };
		02867EA6211AD3EF004D3122 /* NotesTablePresenter.swift */ = {isa = PBXFileReference; lastKnownFileType = sourcecode.swift; path = NotesTablePresenter.swift; sourceTree = "<group>"; };
		02867EA8211AD48C004D3122 /* NotesTableViewController.swift */ = {isa = PBXFileReference; lastKnownFileType = sourcecode.swift; path = NotesTableViewController.swift; sourceTree = "<group>"; };
		02867EAC211C531C004D3122 /* DataModel-2.xcdatamodel */ = {isa = PBXFileReference; lastKnownFileType = wrapper.xcdatamodel; path = "DataModel-2.xcdatamodel"; sourceTree = "<group>"; };
		02867EAD211C996F004D3122 /* NoteEditViewController.swift */ = {isa = PBXFileReference; lastKnownFileType = sourcecode.swift; path = NoteEditViewController.swift; sourceTree = "<group>"; };
		02867EAF211C99A9004D3122 /* NoteEditPresenter.swift */ = {isa = PBXFileReference; lastKnownFileType = sourcecode.swift; path = NoteEditPresenter.swift; sourceTree = "<group>"; };
		02867EB1211D7CDE004D3122 /* DataModel-3.xcdatamodel */ = {isa = PBXFileReference; lastKnownFileType = wrapper.xcdatamodel; path = "DataModel-3.xcdatamodel"; sourceTree = "<group>"; };
		02867EB2211D9474004D3122 /* DatePickerDialog.framework */ = {isa = PBXFileReference; lastKnownFileType = wrapper.framework; name = DatePickerDialog.framework; path = Carthage/Build/iOS/DatePickerDialog.framework; sourceTree = "<group>"; };
		02867EB4211F37B7004D3122 /* IconEditViewController.swift */ = {isa = PBXFileReference; lastKnownFileType = sourcecode.swift; path = IconEditViewController.swift; sourceTree = "<group>"; };
		02867EB6211F37E0004D3122 /* IconEditPresenter.swift */ = {isa = PBXFileReference; lastKnownFileType = sourcecode.swift; path = IconEditPresenter.swift; sourceTree = "<group>"; };
		02867EBA211F6323004D3122 /* IconSource.swift */ = {isa = PBXFileReference; lastKnownFileType = sourcecode.swift; path = IconSource.swift; sourceTree = "<group>"; };
		02867EBC211F6397004D3122 /* DefaultIconSources.yaml */ = {isa = PBXFileReference; fileEncoding = 4; lastKnownFileType = text; name = DefaultIconSources.yaml; path = ../../../FFDoneResources/Resources/DefaultIconSources.yaml; sourceTree = "<group>"; };
		02867EBE21209D18004D3122 /* GoalViewPresenter.swift */ = {isa = PBXFileReference; lastKnownFileType = sourcecode.swift; path = GoalViewPresenter.swift; sourceTree = "<group>"; };
		02867EC021209EAF004D3122 /* GoalViewController.swift */ = {isa = PBXFileReference; lastKnownFileType = sourcecode.swift; path = GoalViewController.swift; sourceTree = "<group>"; };
		02990A6521270F4C00BF1CEC /* TagCloudView.swift */ = {isa = PBXFileReference; lastKnownFileType = sourcecode.swift; path = TagCloudView.swift; sourceTree = "<group>"; };
		02990A67212C682300BF1CEC /* Alarm.swift */ = {isa = PBXFileReference; lastKnownFileType = sourcecode.swift; path = Alarm.swift; sourceTree = "<group>"; };
		02990A69212C737200BF1CEC /* AlarmsTablePresenter.swift */ = {isa = PBXFileReference; lastKnownFileType = sourcecode.swift; path = AlarmsTablePresenter.swift; sourceTree = "<group>"; };
		02990A6B212C76F100BF1CEC /* AlarmsTableViewController.swift */ = {isa = PBXFileReference; lastKnownFileType = sourcecode.swift; path = AlarmsTableViewController.swift; sourceTree = "<group>"; };
		02990A6D212C7C8B00BF1CEC /* DebugAlarms.yaml */ = {isa = PBXFileReference; lastKnownFileType = text; name = DebugAlarms.yaml; path = ../../../FFDoneResources/Resources/DebugAlarms.yaml; sourceTree = "<group>"; };
		02990A70212DB74B00BF1CEC /* AlarmScheduler.swift */ = {isa = PBXFileReference; lastKnownFileType = sourcecode.swift; path = AlarmScheduler.swift; sourceTree = "<group>"; };
		02990A7221303A7F00BF1CEC /* AlarmEditPresenter.swift */ = {isa = PBXFileReference; lastKnownFileType = sourcecode.swift; path = AlarmEditPresenter.swift; sourceTree = "<group>"; };
		02990A7421303BEA00BF1CEC /* AlarmEditViewController.swift */ = {isa = PBXFileReference; lastKnownFileType = sourcecode.swift; path = AlarmEditViewController.swift; sourceTree = "<group>"; };
		02990A762130575F00BF1CEC /* DataModel-4.xcdatamodel */ = {isa = PBXFileReference; lastKnownFileType = wrapper.xcdatamodel; path = "DataModel-4.xcdatamodel"; sourceTree = "<group>"; };
		02C61D9E2125EAD400073B7D /* DBSphereTagCloud_Framework.framework */ = {isa = PBXFileReference; lastKnownFileType = wrapper.framework; name = DBSphereTagCloud_Framework.framework; path = Carthage/Build/iOS/DBSphereTagCloud_Framework.framework; sourceTree = "<group>"; };
/* End PBXFileReference section */

/* Begin PBXFrameworksBuildPhase section */
		027F636E2105FF93001C9738 /* Frameworks */ = {
			isa = PBXFrameworksBuildPhase;
			buildActionMask = 2147483647;
			files = (
				021309FF210B686700410451 /* Yams.framework in Frameworks */,
				020825EE2122E0BE007578C7 /* PieCharts.framework in Frameworks */,
				0253339F2112FE3D00AF8E7B /* TMLPresentation.framework in Frameworks */,
				02867EB3211D9474004D3122 /* DatePickerDialog.framework in Frameworks */,
				027F63A321065271001C9738 /* TMLPersistentContainer.framework in Frameworks */,
				02C61D9F2125EAD500073B7D /* DBSphereTagCloud_Framework.framework in Frameworks */,
			);
			runOnlyForDeploymentPostprocessing = 0;
		};
		027F63822105FF96001C9738 /* Frameworks */ = {
			isa = PBXFrameworksBuildPhase;
			buildActionMask = 2147483647;
			files = (
				027F63A421065271001C9738 /* TMLPersistentContainer.framework in Frameworks */,
			);
			runOnlyForDeploymentPostprocessing = 0;
		};
		027F638D2105FF96001C9738 /* Frameworks */ = {
			isa = PBXFrameworksBuildPhase;
			buildActionMask = 2147483647;
			files = (
				027F63A521065271001C9738 /* TMLPersistentContainer.framework in Frameworks */,
			);
			runOnlyForDeploymentPostprocessing = 0;
		};
/* End PBXFrameworksBuildPhase section */

/* Begin PBXGroup section */
		021309E6210A13CC00410451 /* Model */ = {
			isa = PBXGroup;
			children = (
				021309EA210A162500410451 /* Goal.swift */,
				02867EA22119ED7D004D3122 /* Note.swift */,
				02990A67212C682300BF1CEC /* Alarm.swift */,
				02130A04210CD65F00410451 /* Icon.swift */,
			);
			path = Model;
			sourceTree = "<group>";
		};
		021309EC210A171300410451 /* App */ = {
			isa = PBXGroup;
			children = (
				027F63742105FF93001C9738 /* AppDelegate.swift */,
				021309ED210A176200410451 /* App.swift */,
				02130A00210B6B7C00410451 /* DatabaseInit.swift */,
				021309EF210A1D2E00410451 /* Director.swift */,
				02867EBA211F6323004D3122 /* IconSource.swift */,
				020825F521246F24007578C7 /* TagList.swift */,
				02990A70212DB74B00BF1CEC /* AlarmScheduler.swift */,
			);
			path = App;
			sourceTree = "<group>";
		};
		021309F1210A2ECD00410451 /* Presenters */ = {
			isa = PBXGroup;
			children = (
				021309F3210A2F0300410451 /* GoalsTablePresenter.swift */,
				02867EA6211AD3EF004D3122 /* NotesTablePresenter.swift */,
				02990A69212C737200BF1CEC /* AlarmsTablePresenter.swift */,
				02130A08210E100D00410451 /* IconsTablePresenter.swift */,
				020825EB2122CC53007578C7 /* GoalNotesTablePresenter.swift */,
				02867EBE21209D18004D3122 /* GoalViewPresenter.swift */,
				02130A0E210F777400410451 /* GoalEditPresenter.swift */,
				02990A7221303A7F00BF1CEC /* AlarmEditPresenter.swift */,
				02867EAF211C99A9004D3122 /* NoteEditPresenter.swift */,
				02867EB6211F37E0004D3122 /* IconEditPresenter.swift */,
				020825F12122E310007578C7 /* HomePresenter.swift */,
				0252C976214428CD00DC6D64 /* DebugPresenter.swift */,
			);
			path = Presenters;
			sourceTree = "<group>";
		};
		021309F2210A2EE500410451 /* Views */ = {
			isa = PBXGroup;
			children = (
				021309F5210A300B00410451 /* GoalsTableViewController.swift */,
				02867EA8211AD48C004D3122 /* NotesTableViewController.swift */,
				02990A6B212C76F100BF1CEC /* AlarmsTableViewController.swift */,
				02130A0A210E113600410451 /* IconsTableViewController.swift */,
				020825E92122C7AA007578C7 /* GoalNotesTableViewController.swift */,
				02867EC021209EAF004D3122 /* GoalViewController.swift */,
				02130A0C210F773A00410451 /* GoalEditViewController.swift */,
				02990A7421303BEA00BF1CEC /* AlarmEditViewController.swift */,
				02867EAD211C996F004D3122 /* NoteEditViewController.swift */,
				02867EB4211F37B7004D3122 /* IconEditViewController.swift */,
				020825EF2122E2D8007578C7 /* HomeViewController.swift */,
				02990A6521270F4C00BF1CEC /* TagCloudView.swift */,
				0252C9742144289B00DC6D64 /* DebugViewController.swift */,
			);
			path = Views;
			sourceTree = "<group>";
		};
		021309F9210B5DF300410451 /* Resources */ = {
			isa = PBXGroup;
			children = (
				027F637B2105FF95001C9738 /* Assets.xcassets */,
				02130A02210CD37600410451 /* DefaultIcons.yaml */,
				02867EBC211F6397004D3122 /* DefaultIconSources.yaml */,
				021309FA210B5E7200410451 /* DebugGoals.yaml */,
				02867EA42119FC17004D3122 /* DebugNotes.yaml */,
				02990A6D212C7C8B00BF1CEC /* DebugAlarms.yaml */,
			);
			path = Resources;
			sourceTree = "<group>";
		};
		025333992112FB9A00AF8E7B /* Frameworks */ = {
			isa = PBXGroup;
			children = (
				0253339A2112FB9A00AF8E7B /* TMLPresentation.framework */,
			);
			name = Frameworks;
			sourceTree = "<group>";
		};
		027F63682105FF93001C9738 = {
			isa = PBXGroup;
			children = (
				027F63732105FF93001C9738 /* FFDone */,
				027F63882105FF96001C9738 /* FFDoneTests */,
				027F63932105FF96001C9738 /* FFDoneUITests */,
				027F63722105FF93001C9738 /* Products */,
				02C61D9E2125EAD400073B7D /* DBSphereTagCloud_Framework.framework */,
				020825ED2122E0BD007578C7 /* PieCharts.framework */,
				02867EB2211D9474004D3122 /* DatePickerDialog.framework */,
				021309FE210B686600410451 /* Yams.framework */,
				027F63A221065271001C9738 /* TMLPersistentContainer.framework */,
				025333992112FB9A00AF8E7B /* Frameworks */,
			);
			sourceTree = "<group>";
		};
		027F63722105FF93001C9738 /* Products */ = {
			isa = PBXGroup;
			children = (
				027F63712105FF93001C9738 /* FFDone.app */,
				027F63852105FF96001C9738 /* FFDoneTests.xctest */,
				027F63902105FF96001C9738 /* FFDoneUITests.xctest */,
			);
			name = Products;
			sourceTree = "<group>";
		};
		027F63732105FF93001C9738 /* FFDone */ = {
			isa = PBXGroup;
			children = (
				021309E6210A13CC00410451 /* Model */,
				021309EC210A171300410451 /* App */,
				021309F1210A2ECD00410451 /* Presenters */,
				021309F2210A2EE500410451 /* Views */,
				027F63782105FF94001C9738 /* Main.storyboard */,
				027F637D2105FF95001C9738 /* LaunchScreen.storyboard */,
				021309E7210A13F700410451 /* DataModel.xcdatamodeld */,
				021309F9210B5DF300410451 /* Resources */,
				027F63802105FF95001C9738 /* Info.plist */,
			);
			path = FFDone;
			sourceTree = "<group>";
		};
		027F63882105FF96001C9738 /* FFDoneTests */ = {
			isa = PBXGroup;
			children = (
				027F63892105FF96001C9738 /* FFDoneTests.swift */,
				027F638B2105FF96001C9738 /* Info.plist */,
			);
			path = FFDoneTests;
			sourceTree = "<group>";
		};
		027F63932105FF96001C9738 /* FFDoneUITests */ = {
			isa = PBXGroup;
			children = (
				027F63942105FF96001C9738 /* FFDoneUITests.swift */,
				027F63962105FF96001C9738 /* Info.plist */,
			);
			path = FFDoneUITests;
			sourceTree = "<group>";
		};
/* End PBXGroup section */

/* Begin PBXNativeTarget section */
		027F63702105FF93001C9738 /* FFDone */ = {
			isa = PBXNativeTarget;
			buildConfigurationList = 027F63992105FF96001C9738 /* Build configuration list for PBXNativeTarget "FFDone" */;
			buildPhases = (
				027F636D2105FF93001C9738 /* Sources */,
				027F636E2105FF93001C9738 /* Frameworks */,
				027F636F2105FF93001C9738 /* Resources */,
				027F63AA210652BC001C9738 /* ShellScript */,
				025333A12112FE3D00AF8E7B /* Embed Frameworks */,
			);
			buildRules = (
			);
			dependencies = (
			);
			name = FFDone;
			productName = FFDone;
			productReference = 027F63712105FF93001C9738 /* FFDone.app */;
			productType = "com.apple.product-type.application";
		};
		027F63842105FF96001C9738 /* FFDoneTests */ = {
			isa = PBXNativeTarget;
			buildConfigurationList = 027F639C2105FF96001C9738 /* Build configuration list for PBXNativeTarget "FFDoneTests" */;
			buildPhases = (
				027F63812105FF96001C9738 /* Sources */,
				027F63822105FF96001C9738 /* Frameworks */,
				027F63832105FF96001C9738 /* Resources */,
			);
			buildRules = (
			);
			dependencies = (
				027F63872105FF96001C9738 /* PBXTargetDependency */,
			);
			name = FFDoneTests;
			productName = FFDoneTests;
			productReference = 027F63852105FF96001C9738 /* FFDoneTests.xctest */;
			productType = "com.apple.product-type.bundle.unit-test";
		};
		027F638F2105FF96001C9738 /* FFDoneUITests */ = {
			isa = PBXNativeTarget;
			buildConfigurationList = 027F639F2105FF96001C9738 /* Build configuration list for PBXNativeTarget "FFDoneUITests" */;
			buildPhases = (
				027F638C2105FF96001C9738 /* Sources */,
				027F638D2105FF96001C9738 /* Frameworks */,
				027F638E2105FF96001C9738 /* Resources */,
			);
			buildRules = (
			);
			dependencies = (
				027F63922105FF96001C9738 /* PBXTargetDependency */,
			);
			name = FFDoneUITests;
			productName = FFDoneUITests;
			productReference = 027F63902105FF96001C9738 /* FFDoneUITests.xctest */;
			productType = "com.apple.product-type.bundle.ui-testing";
		};
/* End PBXNativeTarget section */

/* Begin PBXProject section */
		027F63692105FF93001C9738 /* Project object */ = {
			isa = PBXProject;
			attributes = {
				LastSwiftUpdateCheck = 1000;
				LastUpgradeCheck = 1000;
				ORGANIZATIONNAME = "Too Many Ladybirds";
				TargetAttributes = {
					027F63702105FF93001C9738 = {
						CreatedOnToolsVersion = 10.0;
					};
					027F63842105FF96001C9738 = {
						CreatedOnToolsVersion = 10.0;
						TestTargetID = 027F63702105FF93001C9738;
					};
					027F638F2105FF96001C9738 = {
						CreatedOnToolsVersion = 10.0;
						TestTargetID = 027F63702105FF93001C9738;
					};
				};
			};
			buildConfigurationList = 027F636C2105FF93001C9738 /* Build configuration list for PBXProject "FFDone" */;
			compatibilityVersion = "Xcode 9.3";
			developmentRegion = en;
			hasScannedForEncodings = 0;
			knownRegions = (
				en,
				Base,
			);
			mainGroup = 027F63682105FF93001C9738;
			productRefGroup = 027F63722105FF93001C9738 /* Products */;
			projectDirPath = "";
			projectRoot = "";
			targets = (
				027F63702105FF93001C9738 /* FFDone */,
				027F63842105FF96001C9738 /* FFDoneTests */,
				027F638F2105FF96001C9738 /* FFDoneUITests */,
			);
		};
/* End PBXProject section */

/* Begin PBXResourcesBuildPhase section */
		027F636F2105FF93001C9738 /* Resources */ = {
			isa = PBXResourcesBuildPhase;
			buildActionMask = 2147483647;
			files = (
				02990A6F212C7F2B00BF1CEC /* DebugAlarms.yaml in Resources */,
				021309FD210B632400410451 /* DebugGoals.yaml in Resources */,
				02130A03210CD37600410451 /* DefaultIcons.yaml in Resources */,
				02867EBD211F6398004D3122 /* DefaultIconSources.yaml in Resources */,
				02867EA52119FC17004D3122 /* DebugNotes.yaml in Resources */,
				027F637F2105FF95001C9738 /* LaunchScreen.storyboard in Resources */,
				027F637C2105FF95001C9738 /* Assets.xcassets in Resources */,
				027F637A2105FF94001C9738 /* Main.storyboard in Resources */,
			);
			runOnlyForDeploymentPostprocessing = 0;
		};
		027F63832105FF96001C9738 /* Resources */ = {
			isa = PBXResourcesBuildPhase;
			buildActionMask = 2147483647;
			files = (
			);
			runOnlyForDeploymentPostprocessing = 0;
		};
		027F638E2105FF96001C9738 /* Resources */ = {
			isa = PBXResourcesBuildPhase;
			buildActionMask = 2147483647;
			files = (
			);
			runOnlyForDeploymentPostprocessing = 0;
		};
/* End PBXResourcesBuildPhase section */

/* Begin PBXShellScriptBuildPhase section */
		027F63AA210652BC001C9738 /* ShellScript */ = {
			isa = PBXShellScriptBuildPhase;
			buildActionMask = 2147483647;
			files = (
			);
			inputFileListPaths = (
			);
			inputPaths = (
				"$(SRCROOT)/Carthage/Build/iOS/TMLPersistentContainer.framework",
				"$(SRCROOT)/Carthage/Build/iOS/Yams.framework",
				"$(SRCROOT)/Carthage/Build/iOS/DatePickerDialog.framework",
				"$(SRCROOT)/Carthage/Build/iOS/PieCharts.framework",
				"$(SRCROOT)/Carthage/Build/iOS/DBSphereTagCloud_Framework.framework",
			);
			outputFileListPaths = (
			);
			outputPaths = (
				"$(BUILT_PRODUCTS_DIR)/$(FRAMEWORKS_FOLDER_PATH)/TMLPersistentContainer.framework",
				"$(BUILT_PRODUCTS_DIR)/$(FRAMEWORKS_FOLDER_PATH)/Yams.framework",
				"$(BUILT_PRODUCTS_DIR)/$(FRAMEWORKS_FOLDER_PATH)/DatePickerDialog.framework",
				"$(BUILT_PRODUCTS_DIR)/$(FRAMEWORKS_FOLDER_PATH)/PieCharts.framework",
				"$(BUILT_PRODUCTS_DIR)/$(FRAMEWORKS_FOLDER_PATH)/DBSphereTagCloud_Framework.framework",
			);
			runOnlyForDeploymentPostprocessing = 0;
			shellPath = /bin/sh;
			shellScript = "/usr/local/bin/carthage copy-frameworks\n";
		};
/* End PBXShellScriptBuildPhase section */

/* Begin PBXSourcesBuildPhase section */
		027F636D2105FF93001C9738 /* Sources */ = {
			isa = PBXSourcesBuildPhase;
			buildActionMask = 2147483647;
			files = (
				02867EC121209EAF004D3122 /* GoalViewController.swift in Sources */,
				02990A6C212C76F100BF1CEC /* AlarmsTableViewController.swift in Sources */,
				02130A01210B6B7C00410451 /* DatabaseInit.swift in Sources */,
				02130A0F210F777400410451 /* GoalEditPresenter.swift in Sources */,
				0252C977214428CD00DC6D64 /* DebugPresenter.swift in Sources */,
				02867EAE211C996F004D3122 /* NoteEditViewController.swift in Sources */,
				021309EB210A162500410451 /* Goal.swift in Sources */,
				02867EB0211C99A9004D3122 /* NoteEditPresenter.swift in Sources */,
				02990A7521303BEA00BF1CEC /* AlarmEditViewController.swift in Sources */,
				021309F0210A1D2E00410451 /* Director.swift in Sources */,
				02867EBF21209D18004D3122 /* GoalViewPresenter.swift in Sources */,
				020825F621246F24007578C7 /* TagList.swift in Sources */,
				021309F4210A2F0300410451 /* GoalsTablePresenter.swift in Sources */,
				02130A09210E100D00410451 /* IconsTablePresenter.swift in Sources */,
				021309E9210A13F700410451 /* DataModel.xcdatamodeld in Sources */,
				020825F02122E2D8007578C7 /* HomeViewController.swift in Sources */,
				021309EE210A176200410451 /* App.swift in Sources */,
				02867EBB211F6323004D3122 /* IconSource.swift in Sources */,
				02990A7321303A8000BF1CEC /* AlarmEditPresenter.swift in Sources */,
				0252C9752144289B00DC6D64 /* DebugViewController.swift in Sources */,
				02130A0B210E113600410451 /* IconsTableViewController.swift in Sources */,
				020825EC2122CC53007578C7 /* GoalNotesTablePresenter.swift in Sources */,
				02990A68212C682300BF1CEC /* Alarm.swift in Sources */,
				02990A6A212C737200BF1CEC /* AlarmsTablePresenter.swift in Sources */,
				02867EB5211F37B7004D3122 /* IconEditViewController.swift in Sources */,
				02867EA9211AD48C004D3122 /* NotesTableViewController.swift in Sources */,
				020825EA2122C7AA007578C7 /* GoalNotesTableViewController.swift in Sources */,
				02867EA32119ED7D004D3122 /* Note.swift in Sources */,
				027F63752105FF93001C9738 /* AppDelegate.swift in Sources */,
				02130A05210CD65F00410451 /* Icon.swift in Sources */,
				02990A6621270F4C00BF1CEC /* TagCloudView.swift in Sources */,
				02990A71212DB74B00BF1CEC /* AlarmScheduler.swift in Sources */,
				021309F6210A300B00410451 /* GoalsTableViewController.swift in Sources */,
				02867EB7211F37E0004D3122 /* IconEditPresenter.swift in Sources */,
				020825F22122E310007578C7 /* HomePresenter.swift in Sources */,
				02130A0D210F773A00410451 /* GoalEditViewController.swift in Sources */,
				02867EA7211AD3EF004D3122 /* NotesTablePresenter.swift in Sources */,
			);
			runOnlyForDeploymentPostprocessing = 0;
		};
		027F63812105FF96001C9738 /* Sources */ = {
			isa = PBXSourcesBuildPhase;
			buildActionMask = 2147483647;
			files = (
				027F638A2105FF96001C9738 /* FFDoneTests.swift in Sources */,
			);
			runOnlyForDeploymentPostprocessing = 0;
		};
		027F638C2105FF96001C9738 /* Sources */ = {
			isa = PBXSourcesBuildPhase;
			buildActionMask = 2147483647;
			files = (
				027F63952105FF96001C9738 /* FFDoneUITests.swift in Sources */,
			);
			runOnlyForDeploymentPostprocessing = 0;
		};
/* End PBXSourcesBuildPhase section */

/* Begin PBXTargetDependency section */
		027F63872105FF96001C9738 /* PBXTargetDependency */ = {
			isa = PBXTargetDependency;
			target = 027F63702105FF93001C9738 /* FFDone */;
			targetProxy = 027F63862105FF96001C9738 /* PBXContainerItemProxy */;
		};
		027F63922105FF96001C9738 /* PBXTargetDependency */ = {
			isa = PBXTargetDependency;
			target = 027F63702105FF93001C9738 /* FFDone */;
			targetProxy = 027F63912105FF96001C9738 /* PBXContainerItemProxy */;
		};
/* End PBXTargetDependency section */

/* Begin PBXVariantGroup section */
		027F63782105FF94001C9738 /* Main.storyboard */ = {
			isa = PBXVariantGroup;
			children = (
				027F63792105FF94001C9738 /* Base */,
			);
			name = Main.storyboard;
			sourceTree = "<group>";
		};
		027F637D2105FF95001C9738 /* LaunchScreen.storyboard */ = {
			isa = PBXVariantGroup;
			children = (
				027F637E2105FF95001C9738 /* Base */,
			);
			name = LaunchScreen.storyboard;
			sourceTree = "<group>";
		};
/* End PBXVariantGroup section */

/* Begin XCBuildConfiguration section */
		027F63972105FF96001C9738 /* Debug */ = {
			isa = XCBuildConfiguration;
			buildSettings = {
				ALWAYS_SEARCH_USER_PATHS = NO;
				CLANG_ANALYZER_NONNULL = YES;
				CLANG_ANALYZER_NUMBER_OBJECT_CONVERSION = YES_AGGRESSIVE;
				CLANG_CXX_LANGUAGE_STANDARD = "gnu++14";
				CLANG_CXX_LIBRARY = "libc++";
				CLANG_ENABLE_MODULES = YES;
				CLANG_ENABLE_OBJC_ARC = YES;
				CLANG_ENABLE_OBJC_WEAK = YES;
				CLANG_WARN_BLOCK_CAPTURE_AUTORELEASING = YES;
				CLANG_WARN_BOOL_CONVERSION = YES;
				CLANG_WARN_COMMA = YES;
				CLANG_WARN_CONSTANT_CONVERSION = YES;
				CLANG_WARN_DEPRECATED_OBJC_IMPLEMENTATIONS = YES;
				CLANG_WARN_DIRECT_OBJC_ISA_USAGE = YES_ERROR;
				CLANG_WARN_DOCUMENTATION_COMMENTS = YES;
				CLANG_WARN_EMPTY_BODY = YES;
				CLANG_WARN_ENUM_CONVERSION = YES;
				CLANG_WARN_INFINITE_RECURSION = YES;
				CLANG_WARN_INT_CONVERSION = YES;
				CLANG_WARN_NON_LITERAL_NULL_CONVERSION = YES;
				CLANG_WARN_OBJC_IMPLICIT_RETAIN_SELF = YES;
				CLANG_WARN_OBJC_LITERAL_CONVERSION = YES;
				CLANG_WARN_OBJC_ROOT_CLASS = YES_ERROR;
				CLANG_WARN_RANGE_LOOP_ANALYSIS = YES;
				CLANG_WARN_STRICT_PROTOTYPES = YES;
				CLANG_WARN_SUSPICIOUS_MOVE = YES;
				CLANG_WARN_UNGUARDED_AVAILABILITY = YES_AGGRESSIVE;
				CLANG_WARN_UNREACHABLE_CODE = YES;
				CLANG_WARN__DUPLICATE_METHOD_MATCH = YES;
				CODE_SIGN_IDENTITY = "iPhone Developer";
				COPY_PHASE_STRIP = NO;
				DEBUG_INFORMATION_FORMAT = dwarf;
				ENABLE_STRICT_OBJC_MSGSEND = YES;
				ENABLE_TESTABILITY = YES;
				GCC_C_LANGUAGE_STANDARD = gnu11;
				GCC_DYNAMIC_NO_PIC = NO;
				GCC_NO_COMMON_BLOCKS = YES;
				GCC_OPTIMIZATION_LEVEL = 0;
				GCC_PREPROCESSOR_DEFINITIONS = (
					"DEBUG=1",
					"$(inherited)",
				);
				GCC_WARN_64_TO_32_BIT_CONVERSION = YES;
				GCC_WARN_ABOUT_RETURN_TYPE = YES_ERROR;
				GCC_WARN_UNDECLARED_SELECTOR = YES;
				GCC_WARN_UNINITIALIZED_AUTOS = YES_AGGRESSIVE;
				GCC_WARN_UNUSED_FUNCTION = YES;
				GCC_WARN_UNUSED_VARIABLE = YES;
				IPHONEOS_DEPLOYMENT_TARGET = 12.0;
				MTL_ENABLE_DEBUG_INFO = INCLUDE_SOURCE;
				MTL_FAST_MATH = YES;
				ONLY_ACTIVE_ARCH = YES;
				SDKROOT = iphoneos;
				SWIFT_ACTIVE_COMPILATION_CONDITIONS = DEBUG;
				SWIFT_OPTIMIZATION_LEVEL = "-Onone";
			};
			name = Debug;
		};
		027F63982105FF96001C9738 /* Release */ = {
			isa = XCBuildConfiguration;
			buildSettings = {
				ALWAYS_SEARCH_USER_PATHS = NO;
				CLANG_ANALYZER_NONNULL = YES;
				CLANG_ANALYZER_NUMBER_OBJECT_CONVERSION = YES_AGGRESSIVE;
				CLANG_CXX_LANGUAGE_STANDARD = "gnu++14";
				CLANG_CXX_LIBRARY = "libc++";
				CLANG_ENABLE_MODULES = YES;
				CLANG_ENABLE_OBJC_ARC = YES;
				CLANG_ENABLE_OBJC_WEAK = YES;
				CLANG_WARN_BLOCK_CAPTURE_AUTORELEASING = YES;
				CLANG_WARN_BOOL_CONVERSION = YES;
				CLANG_WARN_COMMA = YES;
				CLANG_WARN_CONSTANT_CONVERSION = YES;
				CLANG_WARN_DEPRECATED_OBJC_IMPLEMENTATIONS = YES;
				CLANG_WARN_DIRECT_OBJC_ISA_USAGE = YES_ERROR;
				CLANG_WARN_DOCUMENTATION_COMMENTS = YES;
				CLANG_WARN_EMPTY_BODY = YES;
				CLANG_WARN_ENUM_CONVERSION = YES;
				CLANG_WARN_INFINITE_RECURSION = YES;
				CLANG_WARN_INT_CONVERSION = YES;
				CLANG_WARN_NON_LITERAL_NULL_CONVERSION = YES;
				CLANG_WARN_OBJC_IMPLICIT_RETAIN_SELF = YES;
				CLANG_WARN_OBJC_LITERAL_CONVERSION = YES;
				CLANG_WARN_OBJC_ROOT_CLASS = YES_ERROR;
				CLANG_WARN_RANGE_LOOP_ANALYSIS = YES;
				CLANG_WARN_STRICT_PROTOTYPES = YES;
				CLANG_WARN_SUSPICIOUS_MOVE = YES;
				CLANG_WARN_UNGUARDED_AVAILABILITY = YES_AGGRESSIVE;
				CLANG_WARN_UNREACHABLE_CODE = YES;
				CLANG_WARN__DUPLICATE_METHOD_MATCH = YES;
				CODE_SIGN_IDENTITY = "iPhone Developer";
				COPY_PHASE_STRIP = NO;
				DEBUG_INFORMATION_FORMAT = "dwarf-with-dsym";
				ENABLE_NS_ASSERTIONS = NO;
				ENABLE_STRICT_OBJC_MSGSEND = YES;
				GCC_C_LANGUAGE_STANDARD = gnu11;
				GCC_NO_COMMON_BLOCKS = YES;
				GCC_WARN_64_TO_32_BIT_CONVERSION = YES;
				GCC_WARN_ABOUT_RETURN_TYPE = YES_ERROR;
				GCC_WARN_UNDECLARED_SELECTOR = YES;
				GCC_WARN_UNINITIALIZED_AUTOS = YES_AGGRESSIVE;
				GCC_WARN_UNUSED_FUNCTION = YES;
				GCC_WARN_UNUSED_VARIABLE = YES;
				IPHONEOS_DEPLOYMENT_TARGET = 12.0;
				MTL_ENABLE_DEBUG_INFO = NO;
				MTL_FAST_MATH = YES;
				SDKROOT = iphoneos;
				SWIFT_COMPILATION_MODE = wholemodule;
				SWIFT_OPTIMIZATION_LEVEL = "-O";
				VALIDATE_PRODUCT = YES;
			};
			name = Release;
		};
		027F639A2105FF96001C9738 /* Debug */ = {
			isa = XCBuildConfiguration;
			buildSettings = {
				ASSETCATALOG_COMPILER_APPICON_NAME = AppIcon;
				CODE_SIGN_STYLE = Automatic;
				DEVELOPMENT_TEAM = D243YH28Y6;
				FRAMEWORK_SEARCH_PATHS = (
					"$(inherited)",
					"$(PROJECT_DIR)/Carthage/Build/iOS",
				);
				INFOPLIST_FILE = FFDone/Info.plist;
				IPHONEOS_DEPLOYMENT_TARGET = 11.0;
				LD_RUNPATH_SEARCH_PATHS = (
					"$(inherited)",
					"@executable_path/Frameworks",
				);
				PRODUCT_BUNDLE_IDENTIFIER = tml.FFDone;
				PRODUCT_NAME = "$(TARGET_NAME)";
				SWIFT_VERSION = 4.2;
				TARGETED_DEVICE_FAMILY = "1,2";
			};
			name = Debug;
		};
		027F639B2105FF96001C9738 /* Release */ = {
			isa = XCBuildConfiguration;
			buildSettings = {
				ASSETCATALOG_COMPILER_APPICON_NAME = AppIcon;
				CODE_SIGN_STYLE = Automatic;
				DEVELOPMENT_TEAM = D243YH28Y6;
				FRAMEWORK_SEARCH_PATHS = (
					"$(inherited)",
					"$(PROJECT_DIR)/Carthage/Build/iOS",
				);
				INFOPLIST_FILE = FFDone/Info.plist;
				IPHONEOS_DEPLOYMENT_TARGET = 11.0;
				LD_RUNPATH_SEARCH_PATHS = (
					"$(inherited)",
					"@executable_path/Frameworks",
				);
				PRODUCT_BUNDLE_IDENTIFIER = tml.FFDone;
				PRODUCT_NAME = "$(TARGET_NAME)";
				SWIFT_VERSION = 4.2;
				TARGETED_DEVICE_FAMILY = "1,2";
			};
			name = Release;
		};
		027F639D2105FF96001C9738 /* Debug */ = {
			isa = XCBuildConfiguration;
			buildSettings = {
				ALWAYS_EMBED_SWIFT_STANDARD_LIBRARIES = YES;
				BUNDLE_LOADER = "$(TEST_HOST)";
				CODE_SIGN_STYLE = Automatic;
				FRAMEWORK_SEARCH_PATHS = (
					"$(inherited)",
					"$(PROJECT_DIR)/Carthage/Build/iOS",
				);
				INFOPLIST_FILE = FFDoneTests/Info.plist;
				LD_RUNPATH_SEARCH_PATHS = (
					"$(inherited)",
					"@executable_path/Frameworks",
					"@loader_path/Frameworks",
				);
				PRODUCT_BUNDLE_IDENTIFIER = tml.FFDoneTests;
				PRODUCT_NAME = "$(TARGET_NAME)";
				SWIFT_VERSION = 4.2;
				TARGETED_DEVICE_FAMILY = "1,2";
				TEST_HOST = "$(BUILT_PRODUCTS_DIR)/FFDone.app/FFDone";
			};
			name = Debug;
		};
		027F639E2105FF96001C9738 /* Release */ = {
			isa = XCBuildConfiguration;
			buildSettings = {
				ALWAYS_EMBED_SWIFT_STANDARD_LIBRARIES = YES;
				BUNDLE_LOADER = "$(TEST_HOST)";
				CODE_SIGN_STYLE = Automatic;
				FRAMEWORK_SEARCH_PATHS = (
					"$(inherited)",
					"$(PROJECT_DIR)/Carthage/Build/iOS",
				);
				INFOPLIST_FILE = FFDoneTests/Info.plist;
				LD_RUNPATH_SEARCH_PATHS = (
					"$(inherited)",
					"@executable_path/Frameworks",
					"@loader_path/Frameworks",
				);
				PRODUCT_BUNDLE_IDENTIFIER = tml.FFDoneTests;
				PRODUCT_NAME = "$(TARGET_NAME)";
				SWIFT_VERSION = 4.2;
				TARGETED_DEVICE_FAMILY = "1,2";
				TEST_HOST = "$(BUILT_PRODUCTS_DIR)/FFDone.app/FFDone";
			};
			name = Release;
		};
		027F63A02105FF96001C9738 /* Debug */ = {
			isa = XCBuildConfiguration;
			buildSettings = {
				ALWAYS_EMBED_SWIFT_STANDARD_LIBRARIES = YES;
				CODE_SIGN_STYLE = Automatic;
				FRAMEWORK_SEARCH_PATHS = (
					"$(inherited)",
					"$(PROJECT_DIR)/Carthage/Build/iOS",
				);
				INFOPLIST_FILE = FFDoneUITests/Info.plist;
				LD_RUNPATH_SEARCH_PATHS = (
					"$(inherited)",
					"@executable_path/Frameworks",
					"@loader_path/Frameworks",
				);
				PRODUCT_BUNDLE_IDENTIFIER = tml.FFDoneUITests;
				PRODUCT_NAME = "$(TARGET_NAME)";
				SWIFT_VERSION = 4.2;
				TARGETED_DEVICE_FAMILY = "1,2";
				TEST_TARGET_NAME = FFDone;
			};
			name = Debug;
		};
		027F63A12105FF96001C9738 /* Release */ = {
			isa = XCBuildConfiguration;
			buildSettings = {
				ALWAYS_EMBED_SWIFT_STANDARD_LIBRARIES = YES;
				CODE_SIGN_STYLE = Automatic;
				FRAMEWORK_SEARCH_PATHS = (
					"$(inherited)",
					"$(PROJECT_DIR)/Carthage/Build/iOS",
				);
				INFOPLIST_FILE = FFDoneUITests/Info.plist;
				LD_RUNPATH_SEARCH_PATHS = (
					"$(inherited)",
					"@executable_path/Frameworks",
					"@loader_path/Frameworks",
				);
				PRODUCT_BUNDLE_IDENTIFIER = tml.FFDoneUITests;
				PRODUCT_NAME = "$(TARGET_NAME)";
				SWIFT_VERSION = 4.2;
				TARGETED_DEVICE_FAMILY = "1,2";
				TEST_TARGET_NAME = FFDone;
			};
			name = Release;
		};
/* End XCBuildConfiguration section */

/* Begin XCConfigurationList section */
		027F636C2105FF93001C9738 /* Build configuration list for PBXProject "FFDone" */ = {
			isa = XCConfigurationList;
			buildConfigurations = (
				027F63972105FF96001C9738 /* Debug */,
				027F63982105FF96001C9738 /* Release */,
			);
			defaultConfigurationIsVisible = 0;
			defaultConfigurationName = Release;
		};
		027F63992105FF96001C9738 /* Build configuration list for PBXNativeTarget "FFDone" */ = {
			isa = XCConfigurationList;
			buildConfigurations = (
				027F639A2105FF96001C9738 /* Debug */,
				027F639B2105FF96001C9738 /* Release */,
			);
			defaultConfigurationIsVisible = 0;
			defaultConfigurationName = Release;
		};
		027F639C2105FF96001C9738 /* Build configuration list for PBXNativeTarget "FFDoneTests" */ = {
			isa = XCConfigurationList;
			buildConfigurations = (
				027F639D2105FF96001C9738 /* Debug */,
				027F639E2105FF96001C9738 /* Release */,
			);
			defaultConfigurationIsVisible = 0;
			defaultConfigurationName = Release;
		};
		027F639F2105FF96001C9738 /* Build configuration list for PBXNativeTarget "FFDoneUITests" */ = {
			isa = XCConfigurationList;
			buildConfigurations = (
				027F63A02105FF96001C9738 /* Debug */,
				027F63A12105FF96001C9738 /* Release */,
			);
			defaultConfigurationIsVisible = 0;
			defaultConfigurationName = Release;
		};
/* End XCConfigurationList section */

/* Begin XCVersionGroup section */
		021309E7210A13F700410451 /* DataModel.xcdatamodeld */ = {
			isa = XCVersionGroup;
			children = (
				02990A762130575F00BF1CEC /* DataModel-4.xcdatamodel */,
				02867EB1211D7CDE004D3122 /* DataModel-3.xcdatamodel */,
				02867EAC211C531C004D3122 /* DataModel-2.xcdatamodel */,
				021309E8210A13F700410451 /* DataModel.xcdatamodel */,
			);
			currentVersion = 02990A762130575F00BF1CEC /* DataModel-4.xcdatamodel */;
			path = DataModel.xcdatamodeld;
			sourceTree = "<group>";
			versionGroupType = wrapper.xcdatamodel;
		};
/* End XCVersionGroup section */
	};
	rootObject = 027F63692105FF93001C9738 /* Project object */;
}
